// !$*UTF8*$!
{
	archiveVersion = 1;
	classes = {
	};
	objectVersion = 56;
	objects = {

/* Begin PBXBuildFile section */
		E9EB8C8C2AEC405900D48E1F /* trial Watch App.app in Embed Watch Content */ = {isa = PBXBuildFile; fileRef = E9EB8C8B2AEC405900D48E1F /* trial Watch App.app */; settings = {ATTRIBUTES = (RemoveHeadersOnCopy, ); }; };
		E9EB8C912AEC405900D48E1F /* trialApp.swift in Sources */ = {isa = PBXBuildFile; fileRef = E9EB8C902AEC405900D48E1F /* trialApp.swift */; };
		E9EB8C932AEC405900D48E1F /* ContentView.swift in Sources */ = {isa = PBXBuildFile; fileRef = E9EB8C922AEC405900D48E1F /* ContentView.swift */; };
		E9EB8C952AEC405A00D48E1F /* Assets.xcassets in Resources */ = {isa = PBXBuildFile; fileRef = E9EB8C942AEC405A00D48E1F /* Assets.xcassets */; };
		E9EB8C982AEC405A00D48E1F /* Preview Assets.xcassets in Resources */ = {isa = PBXBuildFile; fileRef = E9EB8C972AEC405A00D48E1F /* Preview Assets.xcassets */; };
		E9EB8CA52AEC5DA400D48E1F /* HeartRateManager.swift in Sources */ = {isa = PBXBuildFile; fileRef = E9EB8CA42AEC5DA400D48E1F /* HeartRateManager.swift */; };
		E9EB8CA72AEC958100D48E1F /* HeartRateHistoryView.swift in Sources */ = {isa = PBXBuildFile; fileRef = E9EB8CA62AEC958100D48E1F /* HeartRateHistoryView.swift */; };
		E9EB8CA92AEC95AE00D48E1F /* CurrentHeartRateView.swift in Sources */ = {isa = PBXBuildFile; fileRef = E9EB8CA82AEC95AD00D48E1F /* CurrentHeartRateView.swift */; };
		E9EB8CAB2AED45DF00D48E1F /* CurrentBloodOxygenView.swift in Sources */ = {isa = PBXBuildFile; fileRef = E9EB8CAA2AED45DF00D48E1F /* CurrentBloodOxygenView.swift */; };
		E9EB8CAF2AED802300D48E1F /* HealthMeasurementView.swift in Sources */ = {isa = PBXBuildFile; fileRef = E9EB8CAE2AED802300D48E1F /* HealthMeasurementView.swift */; };
/* End PBXBuildFile section */

/* Begin PBXContainerItemProxy section */
		E9EB8C8D2AEC405900D48E1F /* PBXContainerItemProxy */ = {
			isa = PBXContainerItemProxy;
			containerPortal = E9EB8C7F2AEC405900D48E1F /* Project object */;
			proxyType = 1;
			remoteGlobalIDString = E9EB8C8A2AEC405900D48E1F;
			remoteInfo = "trial Watch App";
		};
/* End PBXContainerItemProxy section */

/* Begin PBXCopyFilesBuildPhase section */
		E9EB8C9E2AEC405A00D48E1F /* Embed Watch Content */ = {
			isa = PBXCopyFilesBuildPhase;
			buildActionMask = 2147483647;
			dstPath = "$(CONTENTS_FOLDER_PATH)/Watch";
			dstSubfolderSpec = 16;
			files = (
				E9EB8C8C2AEC405900D48E1F /* trial Watch App.app in Embed Watch Content */,
			);
			name = "Embed Watch Content";
			runOnlyForDeploymentPostprocessing = 0;
		};
/* End PBXCopyFilesBuildPhase section */

/* Begin PBXFileReference section */
		E9EB8C852AEC405900D48E1F /* trial.app */ = {isa = PBXFileReference; explicitFileType = wrapper.application; includeInIndex = 0; path = trial.app; sourceTree = BUILT_PRODUCTS_DIR; };
		E9EB8C8B2AEC405900D48E1F /* trial Watch App.app */ = {isa = PBXFileReference; explicitFileType = wrapper.application; includeInIndex = 0; path = "trial Watch App.app"; sourceTree = BUILT_PRODUCTS_DIR; };
		E9EB8C902AEC405900D48E1F /* trialApp.swift */ = {isa = PBXFileReference; lastKnownFileType = sourcecode.swift; path = trialApp.swift; sourceTree = "<group>"; };
		E9EB8C922AEC405900D48E1F /* ContentView.swift */ = {isa = PBXFileReference; lastKnownFileType = sourcecode.swift; path = ContentView.swift; sourceTree = "<group>"; };
		E9EB8C942AEC405A00D48E1F /* Assets.xcassets */ = {isa = PBXFileReference; lastKnownFileType = folder.assetcatalog; path = Assets.xcassets; sourceTree = "<group>"; };
		E9EB8C972AEC405A00D48E1F /* Preview Assets.xcassets */ = {isa = PBXFileReference; lastKnownFileType = folder.assetcatalog; path = "Preview Assets.xcassets"; sourceTree = "<group>"; };
		E9EB8CA22AEC574500D48E1F /* trial Watch App.entitlements */ = {isa = PBXFileReference; lastKnownFileType = text.plist.entitlements; path = "trial Watch App.entitlements"; sourceTree = "<group>"; };
		E9EB8CA32AEC5A5B00D48E1F /* trial-Watch-App-Info.plist */ = {isa = PBXFileReference; lastKnownFileType = text.plist; path = "trial-Watch-App-Info.plist"; sourceTree = SOURCE_ROOT; };
		E9EB8CA42AEC5DA400D48E1F /* HeartRateManager.swift */ = {isa = PBXFileReference; lastKnownFileType = sourcecode.swift; path = HeartRateManager.swift; sourceTree = "<group>"; };
		E9EB8CA62AEC958100D48E1F /* HeartRateHistoryView.swift */ = {isa = PBXFileReference; lastKnownFileType = sourcecode.swift; path = HeartRateHistoryView.swift; sourceTree = "<group>"; };
		E9EB8CA82AEC95AD00D48E1F /* CurrentHeartRateView.swift */ = {isa = PBXFileReference; lastKnownFileType = sourcecode.swift; path = CurrentHeartRateView.swift; sourceTree = "<group>"; };
		E9EB8CAA2AED45DF00D48E1F /* CurrentBloodOxygenView.swift */ = {isa = PBXFileReference; lastKnownFileType = sourcecode.swift; path = CurrentBloodOxygenView.swift; sourceTree = "<group>"; };
		E9EB8CAE2AED802300D48E1F /* HealthMeasurementView.swift */ = {isa = PBXFileReference; lastKnownFileType = sourcecode.swift; path = HealthMeasurementView.swift; sourceTree = "<group>"; };
/* End PBXFileReference section */

/* Begin PBXFrameworksBuildPhase section */
		E9EB8C882AEC405900D48E1F /* Frameworks */ = {
			isa = PBXFrameworksBuildPhase;
			buildActionMask = 2147483647;
			files = (
			);
			runOnlyForDeploymentPostprocessing = 0;
		};
/* End PBXFrameworksBuildPhase section */

/* Begin PBXGroup section */
		E9EB8C7E2AEC405900D48E1F = {
			isa = PBXGroup;
			children = (
				E9EB8C8F2AEC405900D48E1F /* trial Watch App */,
				E9EB8C862AEC405900D48E1F /* Products */,
			);
			sourceTree = "<group>";
		};
		E9EB8C862AEC405900D48E1F /* Products */ = {
			isa = PBXGroup;
			children = (
				E9EB8C852AEC405900D48E1F /* trial.app */,
				E9EB8C8B2AEC405900D48E1F /* trial Watch App.app */,
			);
			name = Products;
			sourceTree = "<group>";
		};
		E9EB8C8F2AEC405900D48E1F /* trial Watch App */ = {
			isa = PBXGroup;
			children = (
				E9EB8CAE2AED802300D48E1F /* HealthMeasurementView.swift */,
				E9EB8CAA2AED45DF00D48E1F /* CurrentBloodOxygenView.swift */,
				E9EB8CA32AEC5A5B00D48E1F /* trial-Watch-App-Info.plist */,
				E9EB8CA22AEC574500D48E1F /* trial Watch App.entitlements */,
				E9EB8C902AEC405900D48E1F /* trialApp.swift */,
				E9EB8C922AEC405900D48E1F /* ContentView.swift */,
				E9EB8C942AEC405A00D48E1F /* Assets.xcassets */,
				E9EB8C962AEC405A00D48E1F /* Preview Content */,
				E9EB8CA42AEC5DA400D48E1F /* HeartRateManager.swift */,
				E9EB8CA62AEC958100D48E1F /* HeartRateHistoryView.swift */,
				E9EB8CA82AEC95AD00D48E1F /* CurrentHeartRateView.swift */,
			);
			path = "trial Watch App";
			sourceTree = "<group>";
		};
		E9EB8C962AEC405A00D48E1F /* Preview Content */ = {
			isa = PBXGroup;
			children = (
				E9EB8C972AEC405A00D48E1F /* Preview Assets.xcassets */,
			);
			path = "Preview Content";
			sourceTree = "<group>";
		};
/* End PBXGroup section */

/* Begin PBXNativeTarget section */
		E9EB8C842AEC405900D48E1F /* trial */ = {
			isa = PBXNativeTarget;
			buildConfigurationList = E9EB8C9F2AEC405A00D48E1F /* Build configuration list for PBXNativeTarget "trial" */;
			buildPhases = (
				E9EB8C832AEC405900D48E1F /* Resources */,
				E9EB8C9E2AEC405A00D48E1F /* Embed Watch Content */,
			);
			buildRules = (
			);
			dependencies = (
				E9EB8C8E2AEC405900D48E1F /* PBXTargetDependency */,
			);
			name = trial;
			productName = trial;
			productReference = E9EB8C852AEC405900D48E1F /* trial.app */;
			productType = "com.apple.product-type.application.watchapp2-container";
		};
		E9EB8C8A2AEC405900D48E1F /* trial Watch App */ = {
			isa = PBXNativeTarget;
			buildConfigurationList = E9EB8C9B2AEC405A00D48E1F /* Build configuration list for PBXNativeTarget "trial Watch App" */;
			buildPhases = (
				E9EB8C872AEC405900D48E1F /* Sources */,
				E9EB8C882AEC405900D48E1F /* Frameworks */,
				E9EB8C892AEC405900D48E1F /* Resources */,
			);
			buildRules = (
			);
			dependencies = (
			);
			name = "trial Watch App";
			productName = "trial Watch App";
			productReference = E9EB8C8B2AEC405900D48E1F /* trial Watch App.app */;
			productType = "com.apple.product-type.application";
		};
/* End PBXNativeTarget section */

/* Begin PBXProject section */
		E9EB8C7F2AEC405900D48E1F /* Project object */ = {
			isa = PBXProject;
			attributes = {
				BuildIndependentTargetsInParallel = 1;
				LastSwiftUpdateCheck = 1500;
				LastUpgradeCheck = 1500;
				TargetAttributes = {
					E9EB8C842AEC405900D48E1F = {
						CreatedOnToolsVersion = 15.0.1;
					};
					E9EB8C8A2AEC405900D48E1F = {
						CreatedOnToolsVersion = 15.0.1;
					};
				};
			};
			buildConfigurationList = E9EB8C822AEC405900D48E1F /* Build configuration list for PBXProject "trial" */;
			compatibilityVersion = "Xcode 14.0";
			developmentRegion = en;
			hasScannedForEncodings = 0;
			knownRegions = (
				en,
				Base,
			);
			mainGroup = E9EB8C7E2AEC405900D48E1F;
			productRefGroup = E9EB8C862AEC405900D48E1F /* Products */;
			projectDirPath = "";
			projectRoot = "";
			targets = (
				E9EB8C842AEC405900D48E1F /* trial */,
				E9EB8C8A2AEC405900D48E1F /* trial Watch App */,
			);
		};
/* End PBXProject section */

/* Begin PBXResourcesBuildPhase section */
		E9EB8C832AEC405900D48E1F /* Resources */ = {
			isa = PBXResourcesBuildPhase;
			buildActionMask = 2147483647;
			files = (
			);
			runOnlyForDeploymentPostprocessing = 0;
		};
		E9EB8C892AEC405900D48E1F /* Resources */ = {
			isa = PBXResourcesBuildPhase;
			buildActionMask = 2147483647;
			files = (
				E9EB8C982AEC405A00D48E1F /* Preview Assets.xcassets in Resources */,
				E9EB8C952AEC405A00D48E1F /* Assets.xcassets in Resources */,
			);
			runOnlyForDeploymentPostprocessing = 0;
		};
/* End PBXResourcesBuildPhase section */

/* Begin PBXSourcesBuildPhase section */
		E9EB8C872AEC405900D48E1F /* Sources */ = {
			isa = PBXSourcesBuildPhase;
			buildActionMask = 2147483647;
			files = (
				E9EB8CA92AEC95AE00D48E1F /* CurrentHeartRateView.swift in Sources */,
				E9EB8C932AEC405900D48E1F /* ContentView.swift in Sources */,
				E9EB8CA52AEC5DA400D48E1F /* HeartRateManager.swift in Sources */,
				E9EB8CA72AEC958100D48E1F /* HeartRateHistoryView.swift in Sources */,
				E9EB8CAF2AED802300D48E1F /* HealthMeasurementView.swift in Sources */,
				E9EB8C912AEC405900D48E1F /* trialApp.swift in Sources */,
				E9EB8CAB2AED45DF00D48E1F /* CurrentBloodOxygenView.swift in Sources */,
			);
			runOnlyForDeploymentPostprocessing = 0;
		};
/* End PBXSourcesBuildPhase section */

/* Begin PBXTargetDependency section */
		E9EB8C8E2AEC405900D48E1F /* PBXTargetDependency */ = {
			isa = PBXTargetDependency;
			target = E9EB8C8A2AEC405900D48E1F /* trial Watch App */;
			targetProxy = E9EB8C8D2AEC405900D48E1F /* PBXContainerItemProxy */;
		};
/* End PBXTargetDependency section */

/* Begin XCBuildConfiguration section */
		E9EB8C992AEC405A00D48E1F /* Debug */ = {
			isa = XCBuildConfiguration;
			buildSettings = {
				ALWAYS_SEARCH_USER_PATHS = NO;
				ASSETCATALOG_COMPILER_GENERATE_SWIFT_ASSET_SYMBOL_EXTENSIONS = YES;
				CLANG_ANALYZER_NONNULL = YES;
				CLANG_ANALYZER_NUMBER_OBJECT_CONVERSION = YES_AGGRESSIVE;
				CLANG_CXX_LANGUAGE_STANDARD = "gnu++20";
				CLANG_ENABLE_MODULES = YES;
				CLANG_ENABLE_OBJC_ARC = YES;
				CLANG_ENABLE_OBJC_WEAK = YES;
				CLANG_WARN_BLOCK_CAPTURE_AUTORELEASING = YES;
				CLANG_WARN_BOOL_CONVERSION = YES;
				CLANG_WARN_COMMA = YES;
				CLANG_WARN_CONSTANT_CONVERSION = YES;
				CLANG_WARN_DEPRECATED_OBJC_IMPLEMENTATIONS = YES;
				CLANG_WARN_DIRECT_OBJC_ISA_USAGE = YES_ERROR;
				CLANG_WARN_DOCUMENTATION_COMMENTS = YES;
				CLANG_WARN_EMPTY_BODY = YES;
				CLANG_WARN_ENUM_CONVERSION = YES;
				CLANG_WARN_INFINITE_RECURSION = YES;
				CLANG_WARN_INT_CONVERSION = YES;
				CLANG_WARN_NON_LITERAL_NULL_CONVERSION = YES;
				CLANG_WARN_OBJC_IMPLICIT_RETAIN_SELF = YES;
				CLANG_WARN_OBJC_LITERAL_CONVERSION = YES;
				CLANG_WARN_OBJC_ROOT_CLASS = YES_ERROR;
				CLANG_WARN_QUOTED_INCLUDE_IN_FRAMEWORK_HEADER = YES;
				CLANG_WARN_RANGE_LOOP_ANALYSIS = YES;
				CLANG_WARN_STRICT_PROTOTYPES = YES;
				CLANG_WARN_SUSPICIOUS_MOVE = YES;
				CLANG_WARN_UNGUARDED_AVAILABILITY = YES_AGGRESSIVE;
				CLANG_WARN_UNREACHABLE_CODE = YES;
				CLANG_WARN__DUPLICATE_METHOD_MATCH = YES;
				COPY_PHASE_STRIP = NO;
				DEBUG_INFORMATION_FORMAT = dwarf;
				ENABLE_STRICT_OBJC_MSGSEND = YES;
				ENABLE_TESTABILITY = YES;
				ENABLE_USER_SCRIPT_SANDBOXING = YES;
				GCC_C_LANGUAGE_STANDARD = gnu17;
				GCC_DYNAMIC_NO_PIC = NO;
				GCC_NO_COMMON_BLOCKS = YES;
				GCC_OPTIMIZATION_LEVEL = 0;
				GCC_PREPROCESSOR_DEFINITIONS = (
					"DEBUG=1",
					"$(inherited)",
				);
				GCC_WARN_64_TO_32_BIT_CONVERSION = YES;
				GCC_WARN_ABOUT_RETURN_TYPE = YES_ERROR;
				GCC_WARN_UNDECLARED_SELECTOR = YES;
				GCC_WARN_UNINITIALIZED_AUTOS = YES_AGGRESSIVE;
				GCC_WARN_UNUSED_FUNCTION = YES;
				GCC_WARN_UNUSED_VARIABLE = YES;
				LOCALIZATION_PREFERS_STRING_CATALOGS = YES;
				MTL_ENABLE_DEBUG_INFO = INCLUDE_SOURCE;
				MTL_FAST_MATH = YES;
				ONLY_ACTIVE_ARCH = YES;
				SWIFT_ACTIVE_COMPILATION_CONDITIONS = "DEBUG $(inherited)";
				SWIFT_OPTIMIZATION_LEVEL = "-Onone";
			};
			name = Debug;
		};
		E9EB8C9A2AEC405A00D48E1F /* Release */ = {
			isa = XCBuildConfiguration;
			buildSettings = {
				ALWAYS_SEARCH_USER_PATHS = NO;
				ASSETCATALOG_COMPILER_GENERATE_SWIFT_ASSET_SYMBOL_EXTENSIONS = YES;
				CLANG_ANALYZER_NONNULL = YES;
				CLANG_ANALYZER_NUMBER_OBJECT_CONVERSION = YES_AGGRESSIVE;
				CLANG_CXX_LANGUAGE_STANDARD = "gnu++20";
				CLANG_ENABLE_MODULES = YES;
				CLANG_ENABLE_OBJC_ARC = YES;
				CLANG_ENABLE_OBJC_WEAK = YES;
				CLANG_WARN_BLOCK_CAPTURE_AUTORELEASING = YES;
				CLANG_WARN_BOOL_CONVERSION = YES;
				CLANG_WARN_COMMA = YES;
				CLANG_WARN_CONSTANT_CONVERSION = YES;
				CLANG_WARN_DEPRECATED_OBJC_IMPLEMENTATIONS = YES;
				CLANG_WARN_DIRECT_OBJC_ISA_USAGE = YES_ERROR;
				CLANG_WARN_DOCUMENTATION_COMMENTS = YES;
				CLANG_WARN_EMPTY_BODY = YES;
				CLANG_WARN_ENUM_CONVERSION = YES;
				CLANG_WARN_INFINITE_RECURSION = YES;
				CLANG_WARN_INT_CONVERSION = YES;
				CLANG_WARN_NON_LITERAL_NULL_CONVERSION = YES;
				CLANG_WARN_OBJC_IMPLICIT_RETAIN_SELF = YES;
				CLANG_WARN_OBJC_LITERAL_CONVERSION = YES;
				CLANG_WARN_OBJC_ROOT_CLASS = YES_ERROR;
				CLANG_WARN_QUOTED_INCLUDE_IN_FRAMEWORK_HEADER = YES;
				CLANG_WARN_RANGE_LOOP_ANALYSIS = YES;
				CLANG_WARN_STRICT_PROTOTYPES = YES;
				CLANG_WARN_SUSPICIOUS_MOVE = YES;
				CLANG_WARN_UNGUARDED_AVAILABILITY = YES_AGGRESSIVE;
				CLANG_WARN_UNREACHABLE_CODE = YES;
				CLANG_WARN__DUPLICATE_METHOD_MATCH = YES;
				COPY_PHASE_STRIP = NO;
				DEBUG_INFORMATION_FORMAT = "dwarf-with-dsym";
				ENABLE_NS_ASSERTIONS = NO;
				ENABLE_STRICT_OBJC_MSGSEND = YES;
				ENABLE_USER_SCRIPT_SANDBOXING = YES;
				GCC_C_LANGUAGE_STANDARD = gnu17;
				GCC_NO_COMMON_BLOCKS = YES;
				GCC_WARN_64_TO_32_BIT_CONVERSION = YES;
				GCC_WARN_ABOUT_RETURN_TYPE = YES_ERROR;
				GCC_WARN_UNDECLARED_SELECTOR = YES;
				GCC_WARN_UNINITIALIZED_AUTOS = YES_AGGRESSIVE;
				GCC_WARN_UNUSED_FUNCTION = YES;
				GCC_WARN_UNUSED_VARIABLE = YES;
				LOCALIZATION_PREFERS_STRING_CATALOGS = YES;
				MTL_ENABLE_DEBUG_INFO = NO;
				MTL_FAST_MATH = YES;
				SWIFT_COMPILATION_MODE = wholemodule;
			};
			name = Release;
		};
		E9EB8C9C2AEC405A00D48E1F /* Debug */ = {
			isa = XCBuildConfiguration;
			buildSettings = {
				ASSETCATALOG_COMPILER_APPICON_NAME = AppIcon;
				ASSETCATALOG_COMPILER_GLOBAL_ACCENT_COLOR_NAME = AccentColor;
				CODE_SIGN_ENTITLEMENTS = "trial Watch App/trial Watch App.entitlements";
				CODE_SIGN_STYLE = Automatic;
				CURRENT_PROJECT_VERSION = 1;
				DEVELOPMENT_ASSET_PATHS = "\"trial Watch App/Preview Content\"";
				DEVELOPMENT_TEAM = 67NJRNV79S;
				ENABLE_PREVIEWS = YES;
				GENERATE_INFOPLIST_FILE = YES;
				INFOPLIST_FILE = "trial-Watch-App-Info.plist";
				INFOPLIST_KEY_CFBundleDisplayName = trial;
				INFOPLIST_KEY_NSHealthShareUsageDescription = "We need access to your health data to track your heart rate";
				INFOPLIST_KEY_NSHealthUpdateUsageDescription = "We need access to your health data to record your heart rate";
				INFOPLIST_KEY_UISupportedInterfaceOrientations = "UIInterfaceOrientationPortrait UIInterfaceOrientationPortraitUpsideDown";
				INFOPLIST_KEY_WKWatchOnly = YES;
				LD_RUNPATH_SEARCH_PATHS = (
					"$(inherited)",
					"@executable_path/Frameworks",
				);
				MARKETING_VERSION = 1.0;
				PRODUCT_BUNDLE_IDENTIFIER = com.trial.watchkitapp;
				PRODUCT_NAME = "$(TARGET_NAME)";
				SDKROOT = watchos;
				SKIP_INSTALL = YES;
				SWIFT_EMIT_LOC_STRINGS = YES;
				SWIFT_VERSION = 5.0;
				TARGETED_DEVICE_FAMILY = 4;
				WATCHOS_DEPLOYMENT_TARGET = 10.0;
			};
			name = Debug;
		};
		E9EB8C9D2AEC405A00D48E1F /* Release */ = {
			isa = XCBuildConfiguration;
			buildSettings = {
				ASSETCATALOG_COMPILER_APPICON_NAME = AppIcon;
				ASSETCATALOG_COMPILER_GLOBAL_ACCENT_COLOR_NAME = AccentColor;
				CODE_SIGN_ENTITLEMENTS = "trial Watch App/trial Watch App.entitlements";
				CODE_SIGN_STYLE = Automatic;
				CURRENT_PROJECT_VERSION = 1;
				DEVELOPMENT_ASSET_PATHS = "\"trial Watch App/Preview Content\"";
				DEVELOPMENT_TEAM = 67NJRNV79S;
				ENABLE_PREVIEWS = YES;
				GENERATE_INFOPLIST_FILE = YES;
				INFOPLIST_FILE = "trial-Watch-App-Info.plist";
				INFOPLIST_KEY_CFBundleDisplayName = trial;
				INFOPLIST_KEY_NSHealthShareUsageDescription = "We need access to your health data to track your heart rate";
				INFOPLIST_KEY_NSHealthUpdateUsageDescription = "We need access to your health data to record your heart rate";
				INFOPLIST_KEY_UISupportedInterfaceOrientations = "UIInterfaceOrientationPortrait UIInterfaceOrientationPortraitUpsideDown";
				INFOPLIST_KEY_WKWatchOnly = YES;
				LD_RUNPATH_SEARCH_PATHS = (
					"$(inherited)",
					"@executable_path/Frameworks",
				);
				MARKETING_VERSION = 1.0;
				PRODUCT_BUNDLE_IDENTIFIER = com.trial.watchkitapp;
				PRODUCT_NAME = "$(TARGET_NAME)";
				SDKROOT = watchos;
				SKIP_INSTALL = YES;
				SWIFT_EMIT_LOC_STRINGS = YES;
				SWIFT_VERSION = 5.0;
				TARGETED_DEVICE_FAMILY = 4;
				VALIDATE_PRODUCT = YES;
				WATCHOS_DEPLOYMENT_TARGET = 10.0;
			};
			name = Release;
		};
		E9EB8CA02AEC405A00D48E1F /* Debug */ = {
			isa = XCBuildConfiguration;
			buildSettings = {
				ALWAYS_EMBED_SWIFT_STANDARD_LIBRARIES = YES;
				CODE_SIGN_STYLE = Automatic;
				CURRENT_PROJECT_VERSION = 1;
				DEVELOPMENT_TEAM = 67NJRNV79S;
				INFOPLIST_KEY_CFBundleDisplayName = trial;
				MARKETING_VERSION = 1.0;
				PRODUCT_BUNDLE_IDENTIFIER = com.testapp.trial;
				PRODUCT_NAME = "$(TARGET_NAME)";
				SDKROOT = iphoneos;
				SWIFT_VERSION = 5.0;
			};
			name = Debug;
		};
		E9EB8CA12AEC405A00D48E1F /* Release */ = {
			isa = XCBuildConfiguration;
			buildSettings = {
				ALWAYS_EMBED_SWIFT_STANDARD_LIBRARIES = YES;
				CODE_SIGN_STYLE = Automatic;
				CURRENT_PROJECT_VERSION = 1;
				DEVELOPMENT_TEAM = 67NJRNV79S;
				INFOPLIST_KEY_CFBundleDisplayName = trial;
				MARKETING_VERSION = 1.0;
				PRODUCT_BUNDLE_IDENTIFIER = com.testapp.trial;
				PRODUCT_NAME = "$(TARGET_NAME)";
				SDKROOT = iphoneos;
				SWIFT_VERSION = 5.0;
				VALIDATE_PRODUCT = YES;
			};
			name = Release;
		};
/* End XCBuildConfiguration section */

/* Begin XCConfigurationList section */
		E9EB8C822AEC405900D48E1F /* Build configuration list for PBXProject "trial" */ = {
			isa = XCConfigurationList;
			buildConfigurations = (
				E9EB8C992AEC405A00D48E1F /* Debug */,
				E9EB8C9A2AEC405A00D48E1F /* Release */,
			);
			defaultConfigurationIsVisible = 0;
			defaultConfigurationName = Release;
		};
		E9EB8C9B2AEC405A00D48E1F /* Build configuration list for PBXNativeTarget "trial Watch App" */ = {
			isa = XCConfigurationList;
			buildConfigurations = (
				E9EB8C9C2AEC405A00D48E1F /* Debug */,
				E9EB8C9D2AEC405A00D48E1F /* Release */,
			);
			defaultConfigurationIsVisible = 0;
			defaultConfigurationName = Release;
		};
		E9EB8C9F2AEC405A00D48E1F /* Build configuration list for PBXNativeTarget "trial" */ = {
			isa = XCConfigurationList;
			buildConfigurations = (
				E9EB8CA02AEC405A00D48E1F /* Debug */,
				E9EB8CA12AEC405A00D48E1F /* Release */,
			);
			defaultConfigurationIsVisible = 0;
			defaultConfigurationName = Release;
		};
/* End XCConfigurationList section */
	};
	rootObject = E9EB8C7F2AEC405900D48E1F /* Project object */;
}
